// !$*UTF8*$!
{
	archiveVersion = 1;
	classes = {
	};
	objectVersion = 56;
	objects = {

/* Begin PBXBuildFile section */
		58059BDB2A118C91000AB195 /* SpecieDetailsViewController.swift in Sources */ = {isa = PBXBuildFile; fileRef = 58059BDA2A118C91000AB195 /* SpecieDetailsViewController.swift */; };
		58059BDD2A118C98000AB195 /* SpecieDetailsPresenter.swift in Sources */ = {isa = PBXBuildFile; fileRef = 58059BDC2A118C98000AB195 /* SpecieDetailsPresenter.swift */; };
		58059BDF2A118F45000AB195 /* EvolutionChain.swift in Sources */ = {isa = PBXBuildFile; fileRef = 58059BDE2A118F45000AB195 /* EvolutionChain.swift */; };
		58059BE12A11BBA6000AB195 /* EvolutionChainResponse.swift in Sources */ = {isa = PBXBuildFile; fileRef = 58059BE02A11BBA6000AB195 /* EvolutionChainResponse.swift */; };
		58059BE32A11BF92000AB195 /* SpecieDetails.swift in Sources */ = {isa = PBXBuildFile; fileRef = 58059BE22A11BF92000AB195 /* SpecieDetails.swift */; };
		58059BE82A11D3E2000AB195 /* SpeciesListCoordinator.swift in Sources */ = {isa = PBXBuildFile; fileRef = 58059BE72A11D3E2000AB195 /* SpeciesListCoordinator.swift */; };
		58059BEA2A11D445000AB195 /* NavigationControlling.swift in Sources */ = {isa = PBXBuildFile; fileRef = 58059BE92A11D445000AB195 /* NavigationControlling.swift */; };
		58059BEC2A11D767000AB195 /* SpecieDetailsCoordinator.swift in Sources */ = {isa = PBXBuildFile; fileRef = 58059BEB2A11D767000AB195 /* SpecieDetailsCoordinator.swift */; };
		58059BF22A127FA9000AB195 /* LoadManaging.swift in Sources */ = {isa = PBXBuildFile; fileRef = 58059BF12A127FA9000AB195 /* LoadManaging.swift */; };
		58059BF52A127FEB000AB195 /* LoadManagerMock.swift in Sources */ = {isa = PBXBuildFile; fileRef = 58059BF42A127FEB000AB195 /* LoadManagerMock.swift */; };
		58059BF82A1287F9000AB195 /* RetriableErrorView.swift in Sources */ = {isa = PBXBuildFile; fileRef = 58059BF72A1287F9000AB195 /* RetriableErrorView.swift */; };
		58059BFB2A1297CB000AB195 /* RetriableErrorModel.swift in Sources */ = {isa = PBXBuildFile; fileRef = 58059BFA2A1297CB000AB195 /* RetriableErrorModel.swift */; };
		58059BFD2A1297D9000AB195 /* ErrorImage.swift in Sources */ = {isa = PBXBuildFile; fileRef = 58059BFC2A1297D9000AB195 /* ErrorImage.swift */; };
		581509322A1087FA00F4D3CE /* PokeAPIService.swift in Sources */ = {isa = PBXBuildFile; fileRef = 581509312A1087FA00F4D3CE /* PokeAPIService.swift */; };
		581509342A108C2F00F4D3CE /* PokemonService.swift in Sources */ = {isa = PBXBuildFile; fileRef = 581509332A108C2F00F4D3CE /* PokemonService.swift */; };
		5815093C2A1099EB00F4D3CE /* PokemonServiceMock.swift in Sources */ = {isa = PBXBuildFile; fileRef = 5815093B2A1099EB00F4D3CE /* PokemonServiceMock.swift */; };
		5815093F2A109A5300F4D3CE /* PokeAPIServiceDummy.swift in Sources */ = {isa = PBXBuildFile; fileRef = 5815093E2A109A5300F4D3CE /* PokeAPIServiceDummy.swift */; };
		581509412A109C3200F4D3CE /* PaginationManaging.swift in Sources */ = {isa = PBXBuildFile; fileRef = 581509402A109C3200F4D3CE /* PaginationManaging.swift */; };
		581509432A109FFC00F4D3CE /* PokemonServiceStub.swift in Sources */ = {isa = PBXBuildFile; fileRef = 581509422A109FFC00F4D3CE /* PokemonServiceStub.swift */; };
		581509462A10A04000F4D3CE /* speciePaginatedResult.json in Resources */ = {isa = PBXBuildFile; fileRef = 581509452A10A04000F4D3CE /* speciePaginatedResult.json */; };
		581509492A10A31900F4D3CE /* JSONReader.swift in Sources */ = {isa = PBXBuildFile; fileRef = 581509482A10A31900F4D3CE /* JSONReader.swift */; };
		5815094C2A10A38300F4D3CE /* PaginationManagerMock.swift in Sources */ = {isa = PBXBuildFile; fileRef = 5815094B2A10A38300F4D3CE /* PaginationManagerMock.swift */; };
		5815094E2A11212200F4D3CE /* PokeAPIServiceMock.swift in Sources */ = {isa = PBXBuildFile; fileRef = 5815094D2A11212200F4D3CE /* PokeAPIServiceMock.swift */; };
		581509522A1124D700F4D3CE /* Dispatching.swift in Sources */ = {isa = PBXBuildFile; fileRef = 581509512A1124D700F4D3CE /* Dispatching.swift */; };
		581509542A113B5800F4D3CE /* PokeAPIServiceStub.swift in Sources */ = {isa = PBXBuildFile; fileRef = 581509532A113B5800F4D3CE /* PokeAPIServiceStub.swift */; };
		581509582A113DA800F4D3CE /* specieList.json in Resources */ = {isa = PBXBuildFile; fileRef = 581509572A113DA800F4D3CE /* specieList.json */; };
		5815095A2A113F1D00F4D3CE /* SpeciesListViewControllerMock.swift in Sources */ = {isa = PBXBuildFile; fileRef = 581509592A113F1D00F4D3CE /* SpeciesListViewControllerMock.swift */; };
		586FB3B12A0F42BE0003D2AB /* NetworkProvider.swift in Sources */ = {isa = PBXBuildFile; fileRef = 586FB3B02A0F42BE0003D2AB /* NetworkProvider.swift */; };
		586FB3B52A0FE0770003D2AB /* SpeciesListViewController.swift in Sources */ = {isa = PBXBuildFile; fileRef = 586FB3B42A0FE0770003D2AB /* SpeciesListViewController.swift */; };
		586FB3B92A0FE1950003D2AB /* PokemonRoute.swift in Sources */ = {isa = PBXBuildFile; fileRef = 586FB3B82A0FE1950003D2AB /* PokemonRoute.swift */; };
		586FB3BC2A0FE1C60003D2AB /* Specie.swift in Sources */ = {isa = PBXBuildFile; fileRef = 586FB3BB2A0FE1C60003D2AB /* Specie.swift */; };
		586FB3BF2A0FE2430003D2AB /* PaginatedResult.swift in Sources */ = {isa = PBXBuildFile; fileRef = 586FB3BE2A0FE2430003D2AB /* PaginatedResult.swift */; };
		586FB3C22A0FE4700003D2AB /* SpeciesListPresenter.swift in Sources */ = {isa = PBXBuildFile; fileRef = 586FB3C12A0FE4700003D2AB /* SpeciesListPresenter.swift */; };
		586FB3C52A1010050003D2AB /* PokeAPIRoute.swift in Sources */ = {isa = PBXBuildFile; fileRef = 586FB3C42A1010050003D2AB /* PokeAPIRoute.swift */; };
		586FB3C72A1021200003D2AB /* Page.swift in Sources */ = {isa = PBXBuildFile; fileRef = 586FB3C62A1021200003D2AB /* Page.swift */; };
		586FB3CC2A1031190003D2AB /* SpeciesListPresenterTests.swift in Sources */ = {isa = PBXBuildFile; fileRef = 586FB3CB2A1031190003D2AB /* SpeciesListPresenterTests.swift */; };
		586FB3D32A1032CE0003D2AB /* SpeciesListViewControllerDummy.swift in Sources */ = {isa = PBXBuildFile; fileRef = 586FB3D22A1032CE0003D2AB /* SpeciesListViewControllerDummy.swift */; };
		586FB3D92A1033A50003D2AB /* NetworkProviderMock.swift in Sources */ = {isa = PBXBuildFile; fileRef = 586FB3D82A1033A50003D2AB /* NetworkProviderMock.swift */; };
		58A6D6642A0F3EF600902695 /* HTTPMethod.swift in Sources */ = {isa = PBXBuildFile; fileRef = 58A6D6632A0F3EF600902695 /* HTTPMethod.swift */; };
		58A6D6662A0F3F3500902695 /* NetworkRoute.swift in Sources */ = {isa = PBXBuildFile; fileRef = 58A6D6652A0F3F3500902695 /* NetworkRoute.swift */; };
		58B349102A114F580023798E /* DispatcherStub.swift in Sources */ = {isa = PBXBuildFile; fileRef = 58B3490F2A114F580023798E /* DispatcherStub.swift */; };
		58B349142A1152E70023798E /* PokemonServiceTests.swift in Sources */ = {isa = PBXBuildFile; fileRef = 58B349132A1152E70023798E /* PokemonServiceTests.swift */; };
		58B349162A1154280023798E /* NetworkProviderStub.swift in Sources */ = {isa = PBXBuildFile; fileRef = 58B349152A1154280023798E /* NetworkProviderStub.swift */; };
		58B349192A1155B10023798E /* PokeAPIServiceTests.swift in Sources */ = {isa = PBXBuildFile; fileRef = 58B349182A1155B00023798E /* PokeAPIServiceTests.swift */; };
		58B3491B2A11622C0023798E /* PokemonServiceDummy.swift in Sources */ = {isa = PBXBuildFile; fileRef = 58B3491A2A11622C0023798E /* PokemonServiceDummy.swift */; };
		58EFAB272A117FF300C09FC0 /* PokemonRouteTests.swift in Sources */ = {isa = PBXBuildFile; fileRef = 58EFAB262A117FF300C09FC0 /* PokemonRouteTests.swift */; };
		58FC503E2A116C7000CBCA79 /* DispatchGroupStub.swift in Sources */ = {isa = PBXBuildFile; fileRef = 58FC503D2A116C7000CBCA79 /* DispatchGroupStub.swift */; };
		58FC50402A116F0800CBCA79 /* DispatchingGroup.swift in Sources */ = {isa = PBXBuildFile; fileRef = 58FC503F2A116F0800CBCA79 /* DispatchingGroup.swift */; };
		58FC50422A116F3D00CBCA79 /* PokeAPIRouteTests.swift in Sources */ = {isa = PBXBuildFile; fileRef = 58FC50412A116F3D00CBCA79 /* PokeAPIRouteTests.swift */; };
		58FC50462A11714100CBCA79 /* NetworkRouteTests.swift in Sources */ = {isa = PBXBuildFile; fileRef = 58FC50452A11714100CBCA79 /* NetworkRouteTests.swift */; };
		710FC2FA2A02DBA000899EA2 /* AppDelegate.swift in Sources */ = {isa = PBXBuildFile; fileRef = 710FC2F92A02DBA000899EA2 /* AppDelegate.swift */; };
		710FC2FC2A02DBA000899EA2 /* SceneDelegate.swift in Sources */ = {isa = PBXBuildFile; fileRef = 710FC2FB2A02DBA000899EA2 /* SceneDelegate.swift */; };
		710FC3032A02DBA100899EA2 /* Assets.xcassets in Resources */ = {isa = PBXBuildFile; fileRef = 710FC3022A02DBA100899EA2 /* Assets.xcassets */; };
		710FC3062A02DBA100899EA2 /* LaunchScreen.storyboard in Resources */ = {isa = PBXBuildFile; fileRef = 710FC3042A02DBA100899EA2 /* LaunchScreen.storyboard */; };
		710FC3242A02E0B100899EA2 /* README.md in Resources */ = {isa = PBXBuildFile; fileRef = 710FC3232A02E0B100899EA2 /* README.md */; };
/* End PBXBuildFile section */

/* Begin PBXContainerItemProxy section */
		58A6D65E2A0F3BDA00902695 /* PBXContainerItemProxy */ = {
			isa = PBXContainerItemProxy;
			containerPortal = 710FC2EE2A02DBA000899EA2 /* Project object */;
			proxyType = 1;
			remoteGlobalIDString = 710FC2F52A02DBA000899EA2;
			remoteInfo = onTopPoke;
		};
/* End PBXContainerItemProxy section */

/* Begin PBXFileReference section */
		58059BDA2A118C91000AB195 /* SpecieDetailsViewController.swift */ = {isa = PBXFileReference; lastKnownFileType = sourcecode.swift; path = SpecieDetailsViewController.swift; sourceTree = "<group>"; };
		58059BDC2A118C98000AB195 /* SpecieDetailsPresenter.swift */ = {isa = PBXFileReference; lastKnownFileType = sourcecode.swift; path = SpecieDetailsPresenter.swift; sourceTree = "<group>"; };
		58059BDE2A118F45000AB195 /* EvolutionChain.swift */ = {isa = PBXFileReference; lastKnownFileType = sourcecode.swift; path = EvolutionChain.swift; sourceTree = "<group>"; };
		58059BE02A11BBA6000AB195 /* EvolutionChainResponse.swift */ = {isa = PBXFileReference; lastKnownFileType = sourcecode.swift; path = EvolutionChainResponse.swift; sourceTree = "<group>"; };
		58059BE22A11BF92000AB195 /* SpecieDetails.swift */ = {isa = PBXFileReference; lastKnownFileType = sourcecode.swift; path = SpecieDetails.swift; sourceTree = "<group>"; };
		58059BE72A11D3E2000AB195 /* SpeciesListCoordinator.swift */ = {isa = PBXFileReference; lastKnownFileType = sourcecode.swift; path = SpeciesListCoordinator.swift; sourceTree = "<group>"; };
		58059BE92A11D445000AB195 /* NavigationControlling.swift */ = {isa = PBXFileReference; lastKnownFileType = sourcecode.swift; path = NavigationControlling.swift; sourceTree = "<group>"; };
		58059BEB2A11D767000AB195 /* SpecieDetailsCoordinator.swift */ = {isa = PBXFileReference; lastKnownFileType = sourcecode.swift; path = SpecieDetailsCoordinator.swift; sourceTree = "<group>"; };
		58059BF12A127FA9000AB195 /* LoadManaging.swift */ = {isa = PBXFileReference; lastKnownFileType = sourcecode.swift; path = LoadManaging.swift; sourceTree = "<group>"; };
		58059BF42A127FEB000AB195 /* LoadManagerMock.swift */ = {isa = PBXFileReference; lastKnownFileType = sourcecode.swift; path = LoadManagerMock.swift; sourceTree = "<group>"; };
		58059BF72A1287F9000AB195 /* RetriableErrorView.swift */ = {isa = PBXFileReference; lastKnownFileType = sourcecode.swift; path = RetriableErrorView.swift; sourceTree = "<group>"; };
		58059BFA2A1297CB000AB195 /* RetriableErrorModel.swift */ = {isa = PBXFileReference; lastKnownFileType = sourcecode.swift; path = RetriableErrorModel.swift; sourceTree = "<group>"; };
		58059BFC2A1297D9000AB195 /* ErrorImage.swift */ = {isa = PBXFileReference; lastKnownFileType = sourcecode.swift; path = ErrorImage.swift; sourceTree = "<group>"; };
		581509312A1087FA00F4D3CE /* PokeAPIService.swift */ = {isa = PBXFileReference; lastKnownFileType = sourcecode.swift; path = PokeAPIService.swift; sourceTree = "<group>"; };
		581509332A108C2F00F4D3CE /* PokemonService.swift */ = {isa = PBXFileReference; lastKnownFileType = sourcecode.swift; path = PokemonService.swift; sourceTree = "<group>"; };
		5815093B2A1099EB00F4D3CE /* PokemonServiceMock.swift */ = {isa = PBXFileReference; lastKnownFileType = sourcecode.swift; path = PokemonServiceMock.swift; sourceTree = "<group>"; };
		5815093E2A109A5300F4D3CE /* PokeAPIServiceDummy.swift */ = {isa = PBXFileReference; lastKnownFileType = sourcecode.swift; path = PokeAPIServiceDummy.swift; sourceTree = "<group>"; };
		581509402A109C3200F4D3CE /* PaginationManaging.swift */ = {isa = PBXFileReference; lastKnownFileType = sourcecode.swift; path = PaginationManaging.swift; sourceTree = "<group>"; };
		581509422A109FFC00F4D3CE /* PokemonServiceStub.swift */ = {isa = PBXFileReference; lastKnownFileType = sourcecode.swift; path = PokemonServiceStub.swift; sourceTree = "<group>"; };
		581509452A10A04000F4D3CE /* speciePaginatedResult.json */ = {isa = PBXFileReference; lastKnownFileType = text.json; path = speciePaginatedResult.json; sourceTree = "<group>"; };
		581509482A10A31900F4D3CE /* JSONReader.swift */ = {isa = PBXFileReference; lastKnownFileType = sourcecode.swift; path = JSONReader.swift; sourceTree = "<group>"; };
		5815094B2A10A38300F4D3CE /* PaginationManagerMock.swift */ = {isa = PBXFileReference; lastKnownFileType = sourcecode.swift; path = PaginationManagerMock.swift; sourceTree = "<group>"; };
		5815094D2A11212200F4D3CE /* PokeAPIServiceMock.swift */ = {isa = PBXFileReference; lastKnownFileType = sourcecode.swift; path = PokeAPIServiceMock.swift; sourceTree = "<group>"; };
		581509512A1124D700F4D3CE /* Dispatching.swift */ = {isa = PBXFileReference; lastKnownFileType = sourcecode.swift; path = Dispatching.swift; sourceTree = "<group>"; };
		581509532A113B5800F4D3CE /* PokeAPIServiceStub.swift */ = {isa = PBXFileReference; lastKnownFileType = sourcecode.swift; path = PokeAPIServiceStub.swift; sourceTree = "<group>"; };
		581509572A113DA800F4D3CE /* specieList.json */ = {isa = PBXFileReference; lastKnownFileType = text.json; path = specieList.json; sourceTree = "<group>"; };
		581509592A113F1D00F4D3CE /* SpeciesListViewControllerMock.swift */ = {isa = PBXFileReference; lastKnownFileType = sourcecode.swift; path = SpeciesListViewControllerMock.swift; sourceTree = "<group>"; };
		586FB3B02A0F42BE0003D2AB /* NetworkProvider.swift */ = {isa = PBXFileReference; lastKnownFileType = sourcecode.swift; path = NetworkProvider.swift; sourceTree = "<group>"; };
		586FB3B42A0FE0770003D2AB /* SpeciesListViewController.swift */ = {isa = PBXFileReference; lastKnownFileType = sourcecode.swift; path = SpeciesListViewController.swift; sourceTree = "<group>"; };
		586FB3B82A0FE1950003D2AB /* PokemonRoute.swift */ = {isa = PBXFileReference; lastKnownFileType = sourcecode.swift; path = PokemonRoute.swift; sourceTree = "<group>"; };
		586FB3BB2A0FE1C60003D2AB /* Specie.swift */ = {isa = PBXFileReference; lastKnownFileType = sourcecode.swift; path = Specie.swift; sourceTree = "<group>"; };
		586FB3BE2A0FE2430003D2AB /* PaginatedResult.swift */ = {isa = PBXFileReference; lastKnownFileType = sourcecode.swift; path = PaginatedResult.swift; sourceTree = "<group>"; };
		586FB3C12A0FE4700003D2AB /* SpeciesListPresenter.swift */ = {isa = PBXFileReference; lastKnownFileType = sourcecode.swift; path = SpeciesListPresenter.swift; sourceTree = "<group>"; };
		586FB3C42A1010050003D2AB /* PokeAPIRoute.swift */ = {isa = PBXFileReference; lastKnownFileType = sourcecode.swift; path = PokeAPIRoute.swift; sourceTree = "<group>"; };
		586FB3C62A1021200003D2AB /* Page.swift */ = {isa = PBXFileReference; lastKnownFileType = sourcecode.swift; path = Page.swift; sourceTree = "<group>"; };
		586FB3CB2A1031190003D2AB /* SpeciesListPresenterTests.swift */ = {isa = PBXFileReference; lastKnownFileType = sourcecode.swift; path = SpeciesListPresenterTests.swift; sourceTree = "<group>"; };
		586FB3D22A1032CE0003D2AB /* SpeciesListViewControllerDummy.swift */ = {isa = PBXFileReference; lastKnownFileType = sourcecode.swift; path = SpeciesListViewControllerDummy.swift; sourceTree = "<group>"; };
		586FB3D82A1033A50003D2AB /* NetworkProviderMock.swift */ = {isa = PBXFileReference; lastKnownFileType = sourcecode.swift; path = NetworkProviderMock.swift; sourceTree = "<group>"; };
		58A6D65A2A0F3BDA00902695 /* onTopPokeTests.xctest */ = {isa = PBXFileReference; explicitFileType = wrapper.cfbundle; includeInIndex = 0; path = onTopPokeTests.xctest; sourceTree = BUILT_PRODUCTS_DIR; };
		58A6D6632A0F3EF600902695 /* HTTPMethod.swift */ = {isa = PBXFileReference; lastKnownFileType = sourcecode.swift; path = HTTPMethod.swift; sourceTree = "<group>"; };
		58A6D6652A0F3F3500902695 /* NetworkRoute.swift */ = {isa = PBXFileReference; lastKnownFileType = sourcecode.swift; path = NetworkRoute.swift; sourceTree = "<group>"; };
		58B3490F2A114F580023798E /* DispatcherStub.swift */ = {isa = PBXFileReference; lastKnownFileType = sourcecode.swift; path = DispatcherStub.swift; sourceTree = "<group>"; };
		58B349132A1152E70023798E /* PokemonServiceTests.swift */ = {isa = PBXFileReference; lastKnownFileType = sourcecode.swift; path = PokemonServiceTests.swift; sourceTree = "<group>"; };
		58B349152A1154280023798E /* NetworkProviderStub.swift */ = {isa = PBXFileReference; lastKnownFileType = sourcecode.swift; path = NetworkProviderStub.swift; sourceTree = "<group>"; };
		58B349182A1155B00023798E /* PokeAPIServiceTests.swift */ = {isa = PBXFileReference; lastKnownFileType = sourcecode.swift; path = PokeAPIServiceTests.swift; sourceTree = "<group>"; };
		58B3491A2A11622C0023798E /* PokemonServiceDummy.swift */ = {isa = PBXFileReference; lastKnownFileType = sourcecode.swift; path = PokemonServiceDummy.swift; sourceTree = "<group>"; };
		58EFAB262A117FF300C09FC0 /* PokemonRouteTests.swift */ = {isa = PBXFileReference; lastKnownFileType = sourcecode.swift; path = PokemonRouteTests.swift; sourceTree = "<group>"; };
		58FC503D2A116C7000CBCA79 /* DispatchGroupStub.swift */ = {isa = PBXFileReference; lastKnownFileType = sourcecode.swift; path = DispatchGroupStub.swift; sourceTree = "<group>"; };
		58FC503F2A116F0800CBCA79 /* DispatchingGroup.swift */ = {isa = PBXFileReference; lastKnownFileType = sourcecode.swift; path = DispatchingGroup.swift; sourceTree = "<group>"; };
		58FC50412A116F3D00CBCA79 /* PokeAPIRouteTests.swift */ = {isa = PBXFileReference; lastKnownFileType = sourcecode.swift; path = PokeAPIRouteTests.swift; sourceTree = "<group>"; };
		58FC50452A11714100CBCA79 /* NetworkRouteTests.swift */ = {isa = PBXFileReference; lastKnownFileType = sourcecode.swift; path = NetworkRouteTests.swift; sourceTree = "<group>"; };
		710FC2F62A02DBA000899EA2 /* onTopPoke.app */ = {isa = PBXFileReference; explicitFileType = wrapper.application; includeInIndex = 0; path = onTopPoke.app; sourceTree = BUILT_PRODUCTS_DIR; };
		710FC2F92A02DBA000899EA2 /* AppDelegate.swift */ = {isa = PBXFileReference; lastKnownFileType = sourcecode.swift; path = AppDelegate.swift; sourceTree = "<group>"; };
		710FC2FB2A02DBA000899EA2 /* SceneDelegate.swift */ = {isa = PBXFileReference; lastKnownFileType = sourcecode.swift; path = SceneDelegate.swift; sourceTree = "<group>"; };
		710FC3022A02DBA100899EA2 /* Assets.xcassets */ = {isa = PBXFileReference; lastKnownFileType = folder.assetcatalog; path = Assets.xcassets; sourceTree = "<group>"; };
		710FC3052A02DBA100899EA2 /* Base */ = {isa = PBXFileReference; lastKnownFileType = file.storyboard; name = Base; path = Base.lproj/LaunchScreen.storyboard; sourceTree = "<group>"; };
		710FC3072A02DBA100899EA2 /* Info.plist */ = {isa = PBXFileReference; lastKnownFileType = text.plist.xml; path = Info.plist; sourceTree = "<group>"; };
		710FC3232A02E0B100899EA2 /* README.md */ = {isa = PBXFileReference; lastKnownFileType = net.daringfireball.markdown; path = README.md; sourceTree = "<group>"; };
/* End PBXFileReference section */

/* Begin PBXFrameworksBuildPhase section */
		58A6D6572A0F3BDA00902695 /* Frameworks */ = {
			isa = PBXFrameworksBuildPhase;
			buildActionMask = 2147483647;
			files = (
			);
			runOnlyForDeploymentPostprocessing = 0;
		};
		710FC2F32A02DBA000899EA2 /* Frameworks */ = {
			isa = PBXFrameworksBuildPhase;
			buildActionMask = 2147483647;
			files = (
			);
			runOnlyForDeploymentPostprocessing = 0;
		};
/* End PBXFrameworksBuildPhase section */

/* Begin PBXGroup section */
		58059BD72A118AE5000AB195 /* Models */ = {
			isa = PBXGroup;
			children = (
				581509562A113D8E00F4D3CE /* JSONs */,
			);
			path = Models;
			sourceTree = "<group>";
		};
		58059BD92A118C72000AB195 /* SpecieDetails */ = {
			isa = PBXGroup;
			children = (
				58059BDA2A118C91000AB195 /* SpecieDetailsViewController.swift */,
				58059BDC2A118C98000AB195 /* SpecieDetailsPresenter.swift */,
				58059BEB2A11D767000AB195 /* SpecieDetailsCoordinator.swift */,
			);
			path = SpecieDetails;
			sourceTree = "<group>";
		};
		58059BE42A11CCD7000AB195 /* Pagination */ = {
			isa = PBXGroup;
			children = (
				586FB3BE2A0FE2430003D2AB /* PaginatedResult.swift */,
				586FB3C62A1021200003D2AB /* Page.swift */,
			);
			path = Pagination;
			sourceTree = "<group>";
		};
		58059BE52A11CCDE000AB195 /* Specie */ = {
			isa = PBXGroup;
			children = (
				58059BE22A11BF92000AB195 /* SpecieDetails.swift */,
				586FB3BB2A0FE1C60003D2AB /* Specie.swift */,
			);
			path = Specie;
			sourceTree = "<group>";
		};
		58059BE62A11CCE9000AB195 /* EvolutionChain */ = {
			isa = PBXGroup;
			children = (
				58059BDE2A118F45000AB195 /* EvolutionChain.swift */,
				58059BE02A11BBA6000AB195 /* EvolutionChainResponse.swift */,
			);
			path = EvolutionChain;
			sourceTree = "<group>";
		};
		58059BF32A127FDD000AB195 /* LoadManaging */ = {
			isa = PBXGroup;
			children = (
				58059BF42A127FEB000AB195 /* LoadManagerMock.swift */,
			);
			path = LoadManaging;
			sourceTree = "<group>";
		};
		58059BF62A1287E2000AB195 /* Components */ = {
			isa = PBXGroup;
			children = (
				58059BF92A1297BD000AB195 /* RetriableErrorView */,
			);
			path = Components;
			sourceTree = "<group>";
		};
		58059BF92A1297BD000AB195 /* RetriableErrorView */ = {
			isa = PBXGroup;
			children = (
				58059BFC2A1297D9000AB195 /* ErrorImage.swift */,
				58059BF72A1287F9000AB195 /* RetriableErrorView.swift */,
				58059BFA2A1297CB000AB195 /* RetriableErrorModel.swift */,
			);
			path = RetriableErrorView;
			sourceTree = "<group>";
		};
		581509302A1087ED00F4D3CE /* Services */ = {
			isa = PBXGroup;
			children = (
				581509352A108C9600F4D3CE /* PokeAPI */,
				581509362A108C9A00F4D3CE /* Pokemon */,
			);
			path = Services;
			sourceTree = "<group>";
		};
		581509352A108C9600F4D3CE /* PokeAPI */ = {
			isa = PBXGroup;
			children = (
				586FB3C42A1010050003D2AB /* PokeAPIRoute.swift */,
				581509312A1087FA00F4D3CE /* PokeAPIService.swift */,
			);
			path = PokeAPI;
			sourceTree = "<group>";
		};
		581509362A108C9A00F4D3CE /* Pokemon */ = {
			isa = PBXGroup;
			children = (
				586FB3B82A0FE1950003D2AB /* PokemonRoute.swift */,
				581509332A108C2F00F4D3CE /* PokemonService.swift */,
			);
			path = Pokemon;
			sourceTree = "<group>";
		};
		581509372A1099C200F4D3CE /* Services */ = {
			isa = PBXGroup;
			children = (
				5815093D2A109A4900F4D3CE /* PokeAPI */,
				581509382A1099C800F4D3CE /* Pokemon */,
			);
			path = Services;
			sourceTree = "<group>";
		};
		581509382A1099C800F4D3CE /* Pokemon */ = {
			isa = PBXGroup;
			children = (
				581509502A1121C300F4D3CE /* PokemonService */,
			);
			path = Pokemon;
			sourceTree = "<group>";
		};
		5815093D2A109A4900F4D3CE /* PokeAPI */ = {
			isa = PBXGroup;
			children = (
				5815094F2A1121B900F4D3CE /* PokeAPIService */,
			);
			path = PokeAPI;
			sourceTree = "<group>";
		};
		581509442A10A02E00F4D3CE /* JSONs */ = {
			isa = PBXGroup;
			children = (
				581509452A10A04000F4D3CE /* speciePaginatedResult.json */,
			);
			path = JSONs;
			sourceTree = "<group>";
		};
		581509472A10A30800F4D3CE /* Helpers */ = {
			isa = PBXGroup;
			children = (
				581509482A10A31900F4D3CE /* JSONReader.swift */,
			);
			path = Helpers;
			sourceTree = "<group>";
		};
		5815094A2A10A37900F4D3CE /* Models */ = {
			isa = PBXGroup;
			children = (
				58059BF32A127FDD000AB195 /* LoadManaging */,
				58EFAB2A2A11880E00C09FC0 /* PaginationManaging */,
				58EFAB292A11880700C09FC0 /* Dispatching */,
				58EFAB282A1187FB00C09FC0 /* DispatchingGroup */,
			);
			path = Models;
			sourceTree = "<group>";
		};
		5815094F2A1121B900F4D3CE /* PokeAPIService */ = {
			isa = PBXGroup;
			children = (
				5815093E2A109A5300F4D3CE /* PokeAPIServiceDummy.swift */,
				5815094D2A11212200F4D3CE /* PokeAPIServiceMock.swift */,
				581509532A113B5800F4D3CE /* PokeAPIServiceStub.swift */,
			);
			path = PokeAPIService;
			sourceTree = "<group>";
		};
		581509502A1121C300F4D3CE /* PokemonService */ = {
			isa = PBXGroup;
			children = (
				5815093B2A1099EB00F4D3CE /* PokemonServiceMock.swift */,
				581509422A109FFC00F4D3CE /* PokemonServiceStub.swift */,
				58B3491A2A11622C0023798E /* PokemonServiceDummy.swift */,
				581509442A10A02E00F4D3CE /* JSONs */,
			);
			path = PokemonService;
			sourceTree = "<group>";
		};
		581509562A113D8E00F4D3CE /* JSONs */ = {
			isa = PBXGroup;
			children = (
				581509572A113DA800F4D3CE /* specieList.json */,
			);
			path = JSONs;
			sourceTree = "<group>";
		};
		586FB3B62A0FE13D0003D2AB /* Layer */ = {
			isa = PBXGroup;
			children = (
				58A6D6632A0F3EF600902695 /* HTTPMethod.swift */,
				58A6D6652A0F3F3500902695 /* NetworkRoute.swift */,
				586FB3B02A0F42BE0003D2AB /* NetworkProvider.swift */,
			);
			path = Layer;
			sourceTree = "<group>";
		};
		586FB3BA2A0FE1BA0003D2AB /* Models */ = {
			isa = PBXGroup;
			children = (
				581509402A109C3200F4D3CE /* PaginationManaging.swift */,
				58059BF12A127FA9000AB195 /* LoadManaging.swift */,
				581509512A1124D700F4D3CE /* Dispatching.swift */,
				58FC503F2A116F0800CBCA79 /* DispatchingGroup.swift */,
				58059BE92A11D445000AB195 /* NavigationControlling.swift */,
			);
			path = Models;
			sourceTree = "<group>";
		};
		586FB3BD2A0FE23A0003D2AB /* Models */ = {
			isa = PBXGroup;
			children = (
				58059BE62A11CCE9000AB195 /* EvolutionChain */,
				58059BE52A11CCDE000AB195 /* Specie */,
				58059BE42A11CCD7000AB195 /* Pagination */,
			);
			path = Models;
			sourceTree = "<group>";
		};
		586FB3C92A1030EB0003D2AB /* Modules */ = {
			isa = PBXGroup;
			children = (
				586FB3CA2A1030F10003D2AB /* SpeciesList */,
			);
			path = Modules;
			sourceTree = "<group>";
		};
		586FB3CA2A1030F10003D2AB /* SpeciesList */ = {
			isa = PBXGroup;
			children = (
				586FB3CB2A1031190003D2AB /* SpeciesListPresenterTests.swift */,
			);
			path = SpeciesList;
			sourceTree = "<group>";
		};
		586FB3CD2A1032870003D2AB /* TestDoubles */ = {
			isa = PBXGroup;
			children = (
				5815094A2A10A37900F4D3CE /* Models */,
				586FB3D02A1032B70003D2AB /* Modules */,
				586FB3D52A1033850003D2AB /* Network */,
			);
			path = TestDoubles;
			sourceTree = "<group>";
		};
		586FB3CE2A1032940003D2AB /* onTopPoke */ = {
			isa = PBXGroup;
			children = (
				586FB3C92A1030EB0003D2AB /* Modules */,
				58FC50432A11712400CBCA79 /* Network */,
			);
			path = onTopPoke;
			sourceTree = "<group>";
		};
		586FB3D02A1032B70003D2AB /* Modules */ = {
			isa = PBXGroup;
			children = (
				586FB3D12A1032BE0003D2AB /* SpeciesList */,
			);
			path = Modules;
			sourceTree = "<group>";
		};
		586FB3D12A1032BE0003D2AB /* SpeciesList */ = {
			isa = PBXGroup;
			children = (
				586FB3D42A10331B0003D2AB /* SpeciesListViewController */,
			);
			path = SpeciesList;
			sourceTree = "<group>";
		};
		586FB3D42A10331B0003D2AB /* SpeciesListViewController */ = {
			isa = PBXGroup;
			children = (
				586FB3D22A1032CE0003D2AB /* SpeciesListViewControllerDummy.swift */,
				581509592A113F1D00F4D3CE /* SpeciesListViewControllerMock.swift */,
			);
			path = SpeciesListViewController;
			sourceTree = "<group>";
		};
		586FB3D52A1033850003D2AB /* Network */ = {
			isa = PBXGroup;
			children = (
				581509372A1099C200F4D3CE /* Services */,
				58059BD72A118AE5000AB195 /* Models */,
				586FB3D62A10338D0003D2AB /* Layer */,
			);
			path = Network;
			sourceTree = "<group>";
		};
		586FB3D62A10338D0003D2AB /* Layer */ = {
			isa = PBXGroup;
			children = (
				586FB3D72A1033930003D2AB /* NetworkProvider */,
			);
			path = Layer;
			sourceTree = "<group>";
		};
		586FB3D72A1033930003D2AB /* NetworkProvider */ = {
			isa = PBXGroup;
			children = (
				586FB3D82A1033A50003D2AB /* NetworkProviderMock.swift */,
				58B349152A1154280023798E /* NetworkProviderStub.swift */,
			);
			path = NetworkProvider;
			sourceTree = "<group>";
		};
		58A6D6542A0F3A5800902695 /* App */ = {
			isa = PBXGroup;
			children = (
				710FC3072A02DBA100899EA2 /* Info.plist */,
				710FC3022A02DBA100899EA2 /* Assets.xcassets */,
				710FC2F92A02DBA000899EA2 /* AppDelegate.swift */,
				710FC2FB2A02DBA000899EA2 /* SceneDelegate.swift */,
				710FC3042A02DBA100899EA2 /* LaunchScreen.storyboard */,
			);
			path = App;
			sourceTree = "<group>";
		};
		58A6D6552A0F3B3A00902695 /* Modules */ = {
			isa = PBXGroup;
			children = (
				58059BD92A118C72000AB195 /* SpecieDetails */,
				710FC31B2A02DE3C00899EA2 /* SpeciesList */,
			);
			path = Modules;
			sourceTree = "<group>";
		};
		58A6D65B2A0F3BDA00902695 /* onTopPokeTests */ = {
			isa = PBXGroup;
			children = (
				581509472A10A30800F4D3CE /* Helpers */,
				586FB3CD2A1032870003D2AB /* TestDoubles */,
				586FB3CE2A1032940003D2AB /* onTopPoke */,
			);
			path = onTopPokeTests;
			sourceTree = "<group>";
		};
		58B349112A1152CF0023798E /* Services */ = {
			isa = PBXGroup;
			children = (
				58B349172A1155A30023798E /* PokeAPI */,
				58B349122A1152DE0023798E /* Pokemon */,
			);
			path = Services;
			sourceTree = "<group>";
		};
		58B349122A1152DE0023798E /* Pokemon */ = {
			isa = PBXGroup;
			children = (
				58B349132A1152E70023798E /* PokemonServiceTests.swift */,
				58EFAB262A117FF300C09FC0 /* PokemonRouteTests.swift */,
			);
			path = Pokemon;
			sourceTree = "<group>";
		};
		58B349172A1155A30023798E /* PokeAPI */ = {
			isa = PBXGroup;
			children = (
				58B349182A1155B00023798E /* PokeAPIServiceTests.swift */,
				58FC50412A116F3D00CBCA79 /* PokeAPIRouteTests.swift */,
			);
			path = PokeAPI;
			sourceTree = "<group>";
		};
		58EFAB282A1187FB00C09FC0 /* DispatchingGroup */ = {
			isa = PBXGroup;
			children = (
				58FC503D2A116C7000CBCA79 /* DispatchGroupStub.swift */,
			);
			path = DispatchingGroup;
			sourceTree = "<group>";
		};
		58EFAB292A11880700C09FC0 /* Dispatching */ = {
			isa = PBXGroup;
			children = (
				58B3490F2A114F580023798E /* DispatcherStub.swift */,
			);
			path = Dispatching;
			sourceTree = "<group>";
		};
		58EFAB2A2A11880E00C09FC0 /* PaginationManaging */ = {
			isa = PBXGroup;
			children = (
				5815094B2A10A38300F4D3CE /* PaginationManagerMock.swift */,
			);
			path = PaginationManaging;
			sourceTree = "<group>";
		};
		58FC50432A11712400CBCA79 /* Network */ = {
			isa = PBXGroup;
			children = (
				58B349112A1152CF0023798E /* Services */,
				58FC50442A11713700CBCA79 /* Layer */,
			);
			path = Network;
			sourceTree = "<group>";
		};
		58FC50442A11713700CBCA79 /* Layer */ = {
			isa = PBXGroup;
			children = (
				58FC50452A11714100CBCA79 /* NetworkRouteTests.swift */,
			);
			path = Layer;
			sourceTree = "<group>";
		};
		710FC2ED2A02DBA000899EA2 = {
			isa = PBXGroup;
			children = (
				710FC3232A02E0B100899EA2 /* README.md */,
				710FC2F82A02DBA000899EA2 /* onTopPoke */,
				58A6D65B2A0F3BDA00902695 /* onTopPokeTests */,
				710FC2F72A02DBA000899EA2 /* Products */,
			);
			sourceTree = "<group>";
		};
		710FC2F72A02DBA000899EA2 /* Products */ = {
			isa = PBXGroup;
			children = (
				710FC2F62A02DBA000899EA2 /* onTopPoke.app */,
				58A6D65A2A0F3BDA00902695 /* onTopPokeTests.xctest */,
			);
			name = Products;
			sourceTree = "<group>";
		};
		710FC2F82A02DBA000899EA2 /* onTopPoke */ = {
			isa = PBXGroup;
			children = (
				58A6D6542A0F3A5800902695 /* App */,
				586FB3BA2A0FE1BA0003D2AB /* Models */,
				58059BF62A1287E2000AB195 /* Components */,
				58A6D6552A0F3B3A00902695 /* Modules */,
				710FC30D2A02DD5500899EA2 /* Network */,
			);
			path = onTopPoke;
			sourceTree = "<group>";
		};
		710FC30D2A02DD5500899EA2 /* Network */ = {
			isa = PBXGroup;
			children = (
				586FB3B62A0FE13D0003D2AB /* Layer */,
				586FB3BD2A0FE23A0003D2AB /* Models */,
				581509302A1087ED00F4D3CE /* Services */,
			);
			path = Network;
			sourceTree = "<group>";
		};
		710FC31B2A02DE3C00899EA2 /* SpeciesList */ = {
			isa = PBXGroup;
			children = (
				586FB3B42A0FE0770003D2AB /* SpeciesListViewController.swift */,
				586FB3C12A0FE4700003D2AB /* SpeciesListPresenter.swift */,
				58059BE72A11D3E2000AB195 /* SpeciesListCoordinator.swift */,
			);
			path = SpeciesList;
			sourceTree = "<group>";
		};
/* End PBXGroup section */

/* Begin PBXNativeTarget section */
		58A6D6592A0F3BDA00902695 /* onTopPokeTests */ = {
			isa = PBXNativeTarget;
			buildConfigurationList = 58A6D6602A0F3BDA00902695 /* Build configuration list for PBXNativeTarget "onTopPokeTests" */;
			buildPhases = (
				58A6D6562A0F3BDA00902695 /* Sources */,
				58A6D6572A0F3BDA00902695 /* Frameworks */,
				58A6D6582A0F3BDA00902695 /* Resources */,
			);
			buildRules = (
			);
			dependencies = (
				58A6D65F2A0F3BDA00902695 /* PBXTargetDependency */,
			);
			name = onTopPokeTests;
			productName = onTopPokeTests;
			productReference = 58A6D65A2A0F3BDA00902695 /* onTopPokeTests.xctest */;
			productType = "com.apple.product-type.bundle.unit-test";
		};
		710FC2F52A02DBA000899EA2 /* onTopPoke */ = {
			isa = PBXNativeTarget;
			buildConfigurationList = 710FC30A2A02DBA100899EA2 /* Build configuration list for PBXNativeTarget "onTopPoke" */;
			buildPhases = (
				710FC2F22A02DBA000899EA2 /* Sources */,
				710FC2F32A02DBA000899EA2 /* Frameworks */,
				710FC2F42A02DBA000899EA2 /* Resources */,
			);
			buildRules = (
			);
			dependencies = (
			);
			name = onTopPoke;
			productName = onTopPoke;
			productReference = 710FC2F62A02DBA000899EA2 /* onTopPoke.app */;
			productType = "com.apple.product-type.application";
		};
/* End PBXNativeTarget section */

/* Begin PBXProject section */
		710FC2EE2A02DBA000899EA2 /* Project object */ = {
			isa = PBXProject;
			attributes = {
				BuildIndependentTargetsInParallel = 1;
				LastSwiftUpdateCheck = 1430;
				LastUpgradeCheck = 1430;
				TargetAttributes = {
					58A6D6592A0F3BDA00902695 = {
						CreatedOnToolsVersion = 14.3;
						TestTargetID = 710FC2F52A02DBA000899EA2;
					};
					710FC2F52A02DBA000899EA2 = {
						CreatedOnToolsVersion = 14.3;
					};
				};
			};
			buildConfigurationList = 710FC2F12A02DBA000899EA2 /* Build configuration list for PBXProject "onTopPoke" */;
			compatibilityVersion = "Xcode 14.0";
			developmentRegion = en;
			hasScannedForEncodings = 0;
			knownRegions = (
				en,
				Base,
			);
			mainGroup = 710FC2ED2A02DBA000899EA2;
			productRefGroup = 710FC2F72A02DBA000899EA2 /* Products */;
			projectDirPath = "";
			projectRoot = "";
			targets = (
				710FC2F52A02DBA000899EA2 /* onTopPoke */,
				58A6D6592A0F3BDA00902695 /* onTopPokeTests */,
			);
		};
/* End PBXProject section */

/* Begin PBXResourcesBuildPhase section */
		58A6D6582A0F3BDA00902695 /* Resources */ = {
			isa = PBXResourcesBuildPhase;
			buildActionMask = 2147483647;
			files = (
				581509582A113DA800F4D3CE /* specieList.json in Resources */,
				581509462A10A04000F4D3CE /* speciePaginatedResult.json in Resources */,
			);
			runOnlyForDeploymentPostprocessing = 0;
		};
		710FC2F42A02DBA000899EA2 /* Resources */ = {
			isa = PBXResourcesBuildPhase;
			buildActionMask = 2147483647;
			files = (
				710FC3242A02E0B100899EA2 /* README.md in Resources */,
				710FC3062A02DBA100899EA2 /* LaunchScreen.storyboard in Resources */,
				710FC3032A02DBA100899EA2 /* Assets.xcassets in Resources */,
			);
			runOnlyForDeploymentPostprocessing = 0;
		};
/* End PBXResourcesBuildPhase section */

/* Begin PBXSourcesBuildPhase section */
		58A6D6562A0F3BDA00902695 /* Sources */ = {
			isa = PBXSourcesBuildPhase;
			buildActionMask = 2147483647;
			files = (
				58B349192A1155B10023798E /* PokeAPIServiceTests.swift in Sources */,
				586FB3D92A1033A50003D2AB /* NetworkProviderMock.swift in Sources */,
				581509542A113B5800F4D3CE /* PokeAPIServiceStub.swift in Sources */,
				58059BF52A127FEB000AB195 /* LoadManagerMock.swift in Sources */,
				58FC503E2A116C7000CBCA79 /* DispatchGroupStub.swift in Sources */,
				5815093F2A109A5300F4D3CE /* PokeAPIServiceDummy.swift in Sources */,
				58EFAB272A117FF300C09FC0 /* PokemonRouteTests.swift in Sources */,
				58FC50462A11714100CBCA79 /* NetworkRouteTests.swift in Sources */,
				5815094E2A11212200F4D3CE /* PokeAPIServiceMock.swift in Sources */,
				58B349102A114F580023798E /* DispatcherStub.swift in Sources */,
				58FC50422A116F3D00CBCA79 /* PokeAPIRouteTests.swift in Sources */,
				586FB3CC2A1031190003D2AB /* SpeciesListPresenterTests.swift in Sources */,
				58B349142A1152E70023798E /* PokemonServiceTests.swift in Sources */,
				581509432A109FFC00F4D3CE /* PokemonServiceStub.swift in Sources */,
				5815095A2A113F1D00F4D3CE /* SpeciesListViewControllerMock.swift in Sources */,
				58B3491B2A11622C0023798E /* PokemonServiceDummy.swift in Sources */,
				581509492A10A31900F4D3CE /* JSONReader.swift in Sources */,
				5815094C2A10A38300F4D3CE /* PaginationManagerMock.swift in Sources */,
				586FB3D32A1032CE0003D2AB /* SpeciesListViewControllerDummy.swift in Sources */,
				5815093C2A1099EB00F4D3CE /* PokemonServiceMock.swift in Sources */,
				58B349162A1154280023798E /* NetworkProviderStub.swift in Sources */,
			);
			runOnlyForDeploymentPostprocessing = 0;
		};
		710FC2F22A02DBA000899EA2 /* Sources */ = {
			isa = PBXSourcesBuildPhase;
			buildActionMask = 2147483647;
			files = (
				581509522A1124D700F4D3CE /* Dispatching.swift in Sources */,
				58059BFD2A1297D9000AB195 /* ErrorImage.swift in Sources */,
				58059BEA2A11D445000AB195 /* NavigationControlling.swift in Sources */,
				586FB3BC2A0FE1C60003D2AB /* Specie.swift in Sources */,
				586FB3C72A1021200003D2AB /* Page.swift in Sources */,
				58FC50402A116F0800CBCA79 /* DispatchingGroup.swift in Sources */,
				586FB3B92A0FE1950003D2AB /* PokemonRoute.swift in Sources */,
				710FC2FA2A02DBA000899EA2 /* AppDelegate.swift in Sources */,
				58059BF82A1287F9000AB195 /* RetriableErrorView.swift in Sources */,
				586FB3B12A0F42BE0003D2AB /* NetworkProvider.swift in Sources */,
				586FB3C52A1010050003D2AB /* PokeAPIRoute.swift in Sources */,
				586FB3B52A0FE0770003D2AB /* SpeciesListViewController.swift in Sources */,
				58059BE12A11BBA6000AB195 /* EvolutionChainResponse.swift in Sources */,
				581509412A109C3200F4D3CE /* PaginationManaging.swift in Sources */,
				58059BDB2A118C91000AB195 /* SpecieDetailsViewController.swift in Sources */,
				58059BFB2A1297CB000AB195 /* RetriableErrorModel.swift in Sources */,
				58059BDD2A118C98000AB195 /* SpecieDetailsPresenter.swift in Sources */,
				58059BDF2A118F45000AB195 /* EvolutionChain.swift in Sources */,
				58059BF22A127FA9000AB195 /* LoadManaging.swift in Sources */,
				58059BE32A11BF92000AB195 /* SpecieDetails.swift in Sources */,
				586FB3C22A0FE4700003D2AB /* SpeciesListPresenter.swift in Sources */,
				581509322A1087FA00F4D3CE /* PokeAPIService.swift in Sources */,
				58059BE82A11D3E2000AB195 /* SpeciesListCoordinator.swift in Sources */,
				581509342A108C2F00F4D3CE /* PokemonService.swift in Sources */,
				586FB3BF2A0FE2430003D2AB /* PaginatedResult.swift in Sources */,
				58059BEC2A11D767000AB195 /* SpecieDetailsCoordinator.swift in Sources */,
				58A6D6642A0F3EF600902695 /* HTTPMethod.swift in Sources */,
				58A6D6662A0F3F3500902695 /* NetworkRoute.swift in Sources */,
				710FC2FC2A02DBA000899EA2 /* SceneDelegate.swift in Sources */,
			);
			runOnlyForDeploymentPostprocessing = 0;
		};
/* End PBXSourcesBuildPhase section */

/* Begin PBXTargetDependency section */
		58A6D65F2A0F3BDA00902695 /* PBXTargetDependency */ = {
			isa = PBXTargetDependency;
			target = 710FC2F52A02DBA000899EA2 /* onTopPoke */;
			targetProxy = 58A6D65E2A0F3BDA00902695 /* PBXContainerItemProxy */;
		};
/* End PBXTargetDependency section */

/* Begin PBXVariantGroup section */
		710FC3042A02DBA100899EA2 /* LaunchScreen.storyboard */ = {
			isa = PBXVariantGroup;
			children = (
				710FC3052A02DBA100899EA2 /* Base */,
			);
			name = LaunchScreen.storyboard;
			sourceTree = "<group>";
		};
/* End PBXVariantGroup section */

/* Begin XCBuildConfiguration section */
		58A6D6612A0F3BDA00902695 /* Debug */ = {
			isa = XCBuildConfiguration;
			buildSettings = {
				BUNDLE_LOADER = "$(TEST_HOST)";
				CODE_SIGN_STYLE = Automatic;
				CURRENT_PROJECT_VERSION = 1;
				GENERATE_INFOPLIST_FILE = YES;
				MARKETING_VERSION = 1.0;
				PRODUCT_BUNDLE_IDENTIFIER = com.heitormurara.onTopPokeTests;
				PRODUCT_NAME = "$(TARGET_NAME)";
				SWIFT_EMIT_LOC_STRINGS = NO;
				SWIFT_VERSION = 5.0;
				TARGETED_DEVICE_FAMILY = "1,2";
				TEST_HOST = "$(BUILT_PRODUCTS_DIR)/onTopPoke.app/$(BUNDLE_EXECUTABLE_FOLDER_PATH)/onTopPoke";
			};
			name = Debug;
		};
		58A6D6622A0F3BDA00902695 /* Release */ = {
			isa = XCBuildConfiguration;
			buildSettings = {
				BUNDLE_LOADER = "$(TEST_HOST)";
				CODE_SIGN_STYLE = Automatic;
				CURRENT_PROJECT_VERSION = 1;
				GENERATE_INFOPLIST_FILE = YES;
				MARKETING_VERSION = 1.0;
				PRODUCT_BUNDLE_IDENTIFIER = com.heitormurara.onTopPokeTests;
				PRODUCT_NAME = "$(TARGET_NAME)";
				SWIFT_EMIT_LOC_STRINGS = NO;
				SWIFT_VERSION = 5.0;
				TARGETED_DEVICE_FAMILY = "1,2";
				TEST_HOST = "$(BUILT_PRODUCTS_DIR)/onTopPoke.app/$(BUNDLE_EXECUTABLE_FOLDER_PATH)/onTopPoke";
			};
			name = Release;
		};
		710FC3082A02DBA100899EA2 /* Debug */ = {
			isa = XCBuildConfiguration;
			buildSettings = {
				ALWAYS_SEARCH_USER_PATHS = NO;
				CLANG_ANALYZER_NONNULL = YES;
				CLANG_ANALYZER_NUMBER_OBJECT_CONVERSION = YES_AGGRESSIVE;
				CLANG_CXX_LANGUAGE_STANDARD = "gnu++20";
				CLANG_ENABLE_MODULES = YES;
				CLANG_ENABLE_OBJC_ARC = YES;
				CLANG_ENABLE_OBJC_WEAK = YES;
				CLANG_WARN_BLOCK_CAPTURE_AUTORELEASING = YES;
				CLANG_WARN_BOOL_CONVERSION = YES;
				CLANG_WARN_COMMA = YES;
				CLANG_WARN_CONSTANT_CONVERSION = YES;
				CLANG_WARN_DEPRECATED_OBJC_IMPLEMENTATIONS = YES;
				CLANG_WARN_DIRECT_OBJC_ISA_USAGE = YES_ERROR;
				CLANG_WARN_DOCUMENTATION_COMMENTS = YES;
				CLANG_WARN_EMPTY_BODY = YES;
				CLANG_WARN_ENUM_CONVERSION = YES;
				CLANG_WARN_INFINITE_RECURSION = YES;
				CLANG_WARN_INT_CONVERSION = YES;
				CLANG_WARN_NON_LITERAL_NULL_CONVERSION = YES;
				CLANG_WARN_OBJC_IMPLICIT_RETAIN_SELF = YES;
				CLANG_WARN_OBJC_LITERAL_CONVERSION = YES;
				CLANG_WARN_OBJC_ROOT_CLASS = YES_ERROR;
				CLANG_WARN_QUOTED_INCLUDE_IN_FRAMEWORK_HEADER = YES;
				CLANG_WARN_RANGE_LOOP_ANALYSIS = YES;
				CLANG_WARN_STRICT_PROTOTYPES = YES;
				CLANG_WARN_SUSPICIOUS_MOVE = YES;
				CLANG_WARN_UNGUARDED_AVAILABILITY = YES_AGGRESSIVE;
				CLANG_WARN_UNREACHABLE_CODE = YES;
				CLANG_WARN__DUPLICATE_METHOD_MATCH = YES;
				COPY_PHASE_STRIP = NO;
				DEBUG_INFORMATION_FORMAT = dwarf;
				ENABLE_STRICT_OBJC_MSGSEND = YES;
				ENABLE_TESTABILITY = YES;
				GCC_C_LANGUAGE_STANDARD = gnu11;
				GCC_DYNAMIC_NO_PIC = NO;
				GCC_NO_COMMON_BLOCKS = YES;
				GCC_OPTIMIZATION_LEVEL = 0;
				GCC_PREPROCESSOR_DEFINITIONS = (
					"DEBUG=1",
					"$(inherited)",
				);
				GCC_WARN_64_TO_32_BIT_CONVERSION = YES;
				GCC_WARN_ABOUT_RETURN_TYPE = YES_ERROR;
				GCC_WARN_UNDECLARED_SELECTOR = YES;
				GCC_WARN_UNINITIALIZED_AUTOS = YES_AGGRESSIVE;
				GCC_WARN_UNUSED_FUNCTION = YES;
				GCC_WARN_UNUSED_VARIABLE = YES;
				IPHONEOS_DEPLOYMENT_TARGET = 16.4;
				MTL_ENABLE_DEBUG_INFO = INCLUDE_SOURCE;
				MTL_FAST_MATH = YES;
				ONLY_ACTIVE_ARCH = YES;
				SDKROOT = iphoneos;
				SWIFT_ACTIVE_COMPILATION_CONDITIONS = DEBUG;
				SWIFT_OPTIMIZATION_LEVEL = "-Onone";
			};
			name = Debug;
		};
		710FC3092A02DBA100899EA2 /* Release */ = {
			isa = XCBuildConfiguration;
			buildSettings = {
				ALWAYS_SEARCH_USER_PATHS = NO;
				CLANG_ANALYZER_NONNULL = YES;
				CLANG_ANALYZER_NUMBER_OBJECT_CONVERSION = YES_AGGRESSIVE;
				CLANG_CXX_LANGUAGE_STANDARD = "gnu++20";
				CLANG_ENABLE_MODULES = YES;
				CLANG_ENABLE_OBJC_ARC = YES;
				CLANG_ENABLE_OBJC_WEAK = YES;
				CLANG_WARN_BLOCK_CAPTURE_AUTORELEASING = YES;
				CLANG_WARN_BOOL_CONVERSION = YES;
				CLANG_WARN_COMMA = YES;
				CLANG_WARN_CONSTANT_CONVERSION = YES;
				CLANG_WARN_DEPRECATED_OBJC_IMPLEMENTATIONS = YES;
				CLANG_WARN_DIRECT_OBJC_ISA_USAGE = YES_ERROR;
				CLANG_WARN_DOCUMENTATION_COMMENTS = YES;
				CLANG_WARN_EMPTY_BODY = YES;
				CLANG_WARN_ENUM_CONVERSION = YES;
				CLANG_WARN_INFINITE_RECURSION = YES;
				CLANG_WARN_INT_CONVERSION = YES;
				CLANG_WARN_NON_LITERAL_NULL_CONVERSION = YES;
				CLANG_WARN_OBJC_IMPLICIT_RETAIN_SELF = YES;
				CLANG_WARN_OBJC_LITERAL_CONVERSION = YES;
				CLANG_WARN_OBJC_ROOT_CLASS = YES_ERROR;
				CLANG_WARN_QUOTED_INCLUDE_IN_FRAMEWORK_HEADER = YES;
				CLANG_WARN_RANGE_LOOP_ANALYSIS = YES;
				CLANG_WARN_STRICT_PROTOTYPES = YES;
				CLANG_WARN_SUSPICIOUS_MOVE = YES;
				CLANG_WARN_UNGUARDED_AVAILABILITY = YES_AGGRESSIVE;
				CLANG_WARN_UNREACHABLE_CODE = YES;
				CLANG_WARN__DUPLICATE_METHOD_MATCH = YES;
				COPY_PHASE_STRIP = NO;
				DEBUG_INFORMATION_FORMAT = "dwarf-with-dsym";
				ENABLE_NS_ASSERTIONS = NO;
				ENABLE_STRICT_OBJC_MSGSEND = YES;
				GCC_C_LANGUAGE_STANDARD = gnu11;
				GCC_NO_COMMON_BLOCKS = YES;
				GCC_WARN_64_TO_32_BIT_CONVERSION = YES;
				GCC_WARN_ABOUT_RETURN_TYPE = YES_ERROR;
				GCC_WARN_UNDECLARED_SELECTOR = YES;
				GCC_WARN_UNINITIALIZED_AUTOS = YES_AGGRESSIVE;
				GCC_WARN_UNUSED_FUNCTION = YES;
				GCC_WARN_UNUSED_VARIABLE = YES;
				IPHONEOS_DEPLOYMENT_TARGET = 16.4;
				MTL_ENABLE_DEBUG_INFO = NO;
				MTL_FAST_MATH = YES;
				SDKROOT = iphoneos;
				SWIFT_COMPILATION_MODE = wholemodule;
				SWIFT_OPTIMIZATION_LEVEL = "-O";
				VALIDATE_PRODUCT = YES;
			};
			name = Release;
		};
		710FC30B2A02DBA100899EA2 /* Debug */ = {
			isa = XCBuildConfiguration;
			buildSettings = {
				ASSETCATALOG_COMPILER_APPICON_NAME = AppIcon;
				ASSETCATALOG_COMPILER_GLOBAL_ACCENT_COLOR_NAME = AccentColor;
				CODE_SIGN_STYLE = Automatic;
				CURRENT_PROJECT_VERSION = 1;
				DEVELOPMENT_TEAM = 5Q3KXH668K;
				GENERATE_INFOPLIST_FILE = YES;
				INFOPLIST_FILE = onTopPoke/App/Info.plist;
				INFOPLIST_KEY_UIApplicationSupportsIndirectInputEvents = YES;
				INFOPLIST_KEY_UILaunchStoryboardName = LaunchScreen;
				INFOPLIST_KEY_UIMainStoryboardFile = "";
				INFOPLIST_KEY_UISupportedInterfaceOrientations_iPad = "UIInterfaceOrientationPortrait UIInterfaceOrientationPortraitUpsideDown UIInterfaceOrientationLandscapeLeft UIInterfaceOrientationLandscapeRight";
				INFOPLIST_KEY_UISupportedInterfaceOrientations_iPhone = "UIInterfaceOrientationPortrait UIInterfaceOrientationLandscapeLeft UIInterfaceOrientationLandscapeRight";
				LD_RUNPATH_SEARCH_PATHS = (
					"$(inherited)",
					"@executable_path/Frameworks",
				);
				MARKETING_VERSION = 1.0;
				PRODUCT_BUNDLE_IDENTIFIER = com.heitormurara.onTopPoke;
				PRODUCT_NAME = "$(TARGET_NAME)";
				SUPPORTED_PLATFORMS = "iphoneos iphonesimulator";
				SUPPORTS_MACCATALYST = NO;
				SUPPORTS_MAC_DESIGNED_FOR_IPHONE_IPAD = YES;
				SWIFT_EMIT_LOC_STRINGS = YES;
				SWIFT_VERSION = 5.0;
				TARGETED_DEVICE_FAMILY = "1,2";
			};
			name = Debug;
		};
		710FC30C2A02DBA100899EA2 /* Release */ = {
			isa = XCBuildConfiguration;
			buildSettings = {
				ASSETCATALOG_COMPILER_APPICON_NAME = AppIcon;
				ASSETCATALOG_COMPILER_GLOBAL_ACCENT_COLOR_NAME = AccentColor;
				CODE_SIGN_STYLE = Automatic;
				CURRENT_PROJECT_VERSION = 1;
				DEVELOPMENT_TEAM = 5Q3KXH668K;
				GENERATE_INFOPLIST_FILE = YES;
				INFOPLIST_FILE = onTopPoke/App/Info.plist;
				INFOPLIST_KEY_UIApplicationSupportsIndirectInputEvents = YES;
				INFOPLIST_KEY_UILaunchStoryboardName = LaunchScreen;
				INFOPLIST_KEY_UIMainStoryboardFile = "";
				INFOPLIST_KEY_UISupportedInterfaceOrientations_iPad = "UIInterfaceOrientationPortrait UIInterfaceOrientationPortraitUpsideDown UIInterfaceOrientationLandscapeLeft UIInterfaceOrientationLandscapeRight";
				INFOPLIST_KEY_UISupportedInterfaceOrientations_iPhone = "UIInterfaceOrientationPortrait UIInterfaceOrientationLandscapeLeft UIInterfaceOrientationLandscapeRight";
				LD_RUNPATH_SEARCH_PATHS = (
					"$(inherited)",
					"@executable_path/Frameworks",
				);
				MARKETING_VERSION = 1.0;
				PRODUCT_BUNDLE_IDENTIFIER = com.heitormurara.onTopPoke;
				PRODUCT_NAME = "$(TARGET_NAME)";
				SUPPORTED_PLATFORMS = "iphoneos iphonesimulator";
				SUPPORTS_MACCATALYST = NO;
				SUPPORTS_MAC_DESIGNED_FOR_IPHONE_IPAD = YES;
				SWIFT_EMIT_LOC_STRINGS = YES;
				SWIFT_VERSION = 5.0;
				TARGETED_DEVICE_FAMILY = "1,2";
			};
			name = Release;
		};
/* End XCBuildConfiguration section */

/* Begin XCConfigurationList section */
		58A6D6602A0F3BDA00902695 /* Build configuration list for PBXNativeTarget "onTopPokeTests" */ = {
			isa = XCConfigurationList;
			buildConfigurations = (
				58A6D6612A0F3BDA00902695 /* Debug */,
				58A6D6622A0F3BDA00902695 /* Release */,
			);
			defaultConfigurationIsVisible = 0;
			defaultConfigurationName = Release;
		};
		710FC2F12A02DBA000899EA2 /* Build configuration list for PBXProject "onTopPoke" */ = {
			isa = XCConfigurationList;
			buildConfigurations = (
				710FC3082A02DBA100899EA2 /* Debug */,
				710FC3092A02DBA100899EA2 /* Release */,
			);
			defaultConfigurationIsVisible = 0;
			defaultConfigurationName = Release;
		};
		710FC30A2A02DBA100899EA2 /* Build configuration list for PBXNativeTarget "onTopPoke" */ = {
			isa = XCConfigurationList;
			buildConfigurations = (
				710FC30B2A02DBA100899EA2 /* Debug */,
				710FC30C2A02DBA100899EA2 /* Release */,
			);
			defaultConfigurationIsVisible = 0;
			defaultConfigurationName = Release;
		};
/* End XCConfigurationList section */
	};
	rootObject = 710FC2EE2A02DBA000899EA2 /* Project object */;
}
