// !$*UTF8*$!
{
	archiveVersion = 1;
	classes = {
	};
	objectVersion = 56;
	objects = {

/* Begin PBXBuildFile section */
		586FB3B12A0F42BE0003D2AB /* NetworkServiceProvider.swift in Sources */ = {isa = PBXBuildFile; fileRef = 586FB3B02A0F42BE0003D2AB /* NetworkServiceProvider.swift */; };
		586FB3B32A0F47720003D2AB /* NetworkServiceError.swift in Sources */ = {isa = PBXBuildFile; fileRef = 586FB3B22A0F47720003D2AB /* NetworkServiceError.swift */; };
		586FB3B52A0FE0770003D2AB /* SpeciesListViewController.swift in Sources */ = {isa = PBXBuildFile; fileRef = 586FB3B42A0FE0770003D2AB /* SpeciesListViewController.swift */; };
		586FB3B92A0FE1950003D2AB /* PokemonService.swift in Sources */ = {isa = PBXBuildFile; fileRef = 586FB3B82A0FE1950003D2AB /* PokemonService.swift */; };
		586FB3BC2A0FE1C60003D2AB /* PokemonSpecie.swift in Sources */ = {isa = PBXBuildFile; fileRef = 586FB3BB2A0FE1C60003D2AB /* PokemonSpecie.swift */; };
		586FB3BF2A0FE2430003D2AB /* PaginatedResult.swift in Sources */ = {isa = PBXBuildFile; fileRef = 586FB3BE2A0FE2430003D2AB /* PaginatedResult.swift */; };
		58A6D65D2A0F3BDA00902695 /* onTopPokeTests.swift in Sources */ = {isa = PBXBuildFile; fileRef = 58A6D65C2A0F3BDA00902695 /* onTopPokeTests.swift */; };
		58A6D6642A0F3EF600902695 /* HTTPMethod.swift in Sources */ = {isa = PBXBuildFile; fileRef = 58A6D6632A0F3EF600902695 /* HTTPMethod.swift */; };
		58A6D6662A0F3F3500902695 /* NetworkService.swift in Sources */ = {isa = PBXBuildFile; fileRef = 58A6D6652A0F3F3500902695 /* NetworkService.swift */; };
		710FC2FA2A02DBA000899EA2 /* AppDelegate.swift in Sources */ = {isa = PBXBuildFile; fileRef = 710FC2F92A02DBA000899EA2 /* AppDelegate.swift */; };
		710FC2FC2A02DBA000899EA2 /* SceneDelegate.swift in Sources */ = {isa = PBXBuildFile; fileRef = 710FC2FB2A02DBA000899EA2 /* SceneDelegate.swift */; };
		710FC3032A02DBA100899EA2 /* Assets.xcassets in Resources */ = {isa = PBXBuildFile; fileRef = 710FC3022A02DBA100899EA2 /* Assets.xcassets */; };
		710FC3062A02DBA100899EA2 /* LaunchScreen.storyboard in Resources */ = {isa = PBXBuildFile; fileRef = 710FC3042A02DBA100899EA2 /* LaunchScreen.storyboard */; };
		710FC3242A02E0B100899EA2 /* README.md in Resources */ = {isa = PBXBuildFile; fileRef = 710FC3232A02E0B100899EA2 /* README.md */; };
/* End PBXBuildFile section */

/* Begin PBXContainerItemProxy section */
		58A6D65E2A0F3BDA00902695 /* PBXContainerItemProxy */ = {
			isa = PBXContainerItemProxy;
			containerPortal = 710FC2EE2A02DBA000899EA2 /* Project object */;
			proxyType = 1;
			remoteGlobalIDString = 710FC2F52A02DBA000899EA2;
			remoteInfo = onTopPoke;
		};
/* End PBXContainerItemProxy section */

/* Begin PBXFileReference section */
		586FB3B02A0F42BE0003D2AB /* NetworkServiceProvider.swift */ = {isa = PBXFileReference; lastKnownFileType = sourcecode.swift; path = NetworkServiceProvider.swift; sourceTree = "<group>"; };
		586FB3B22A0F47720003D2AB /* NetworkServiceError.swift */ = {isa = PBXFileReference; lastKnownFileType = sourcecode.swift; path = NetworkServiceError.swift; sourceTree = "<group>"; };
		586FB3B42A0FE0770003D2AB /* SpeciesListViewController.swift */ = {isa = PBXFileReference; lastKnownFileType = sourcecode.swift; path = SpeciesListViewController.swift; sourceTree = "<group>"; };
		586FB3B82A0FE1950003D2AB /* PokemonService.swift */ = {isa = PBXFileReference; lastKnownFileType = sourcecode.swift; path = PokemonService.swift; sourceTree = "<group>"; };
		586FB3BB2A0FE1C60003D2AB /* PokemonSpecie.swift */ = {isa = PBXFileReference; lastKnownFileType = sourcecode.swift; path = PokemonSpecie.swift; sourceTree = "<group>"; };
		586FB3BE2A0FE2430003D2AB /* PaginatedResult.swift */ = {isa = PBXFileReference; lastKnownFileType = sourcecode.swift; path = PaginatedResult.swift; sourceTree = "<group>"; };
		58A6D65A2A0F3BDA00902695 /* onTopPokeTests.xctest */ = {isa = PBXFileReference; explicitFileType = wrapper.cfbundle; includeInIndex = 0; path = onTopPokeTests.xctest; sourceTree = BUILT_PRODUCTS_DIR; };
		58A6D65C2A0F3BDA00902695 /* onTopPokeTests.swift */ = {isa = PBXFileReference; lastKnownFileType = sourcecode.swift; path = onTopPokeTests.swift; sourceTree = "<group>"; };
		58A6D6632A0F3EF600902695 /* HTTPMethod.swift */ = {isa = PBXFileReference; lastKnownFileType = sourcecode.swift; path = HTTPMethod.swift; sourceTree = "<group>"; };
		58A6D6652A0F3F3500902695 /* NetworkService.swift */ = {isa = PBXFileReference; lastKnownFileType = sourcecode.swift; path = NetworkService.swift; sourceTree = "<group>"; };
		710FC2F62A02DBA000899EA2 /* onTopPoke.app */ = {isa = PBXFileReference; explicitFileType = wrapper.application; includeInIndex = 0; path = onTopPoke.app; sourceTree = BUILT_PRODUCTS_DIR; };
		710FC2F92A02DBA000899EA2 /* AppDelegate.swift */ = {isa = PBXFileReference; lastKnownFileType = sourcecode.swift; path = AppDelegate.swift; sourceTree = "<group>"; };
		710FC2FB2A02DBA000899EA2 /* SceneDelegate.swift */ = {isa = PBXFileReference; lastKnownFileType = sourcecode.swift; path = SceneDelegate.swift; sourceTree = "<group>"; };
		710FC3022A02DBA100899EA2 /* Assets.xcassets */ = {isa = PBXFileReference; lastKnownFileType = folder.assetcatalog; path = Assets.xcassets; sourceTree = "<group>"; };
		710FC3052A02DBA100899EA2 /* Base */ = {isa = PBXFileReference; lastKnownFileType = file.storyboard; name = Base; path = Base.lproj/LaunchScreen.storyboard; sourceTree = "<group>"; };
		710FC3072A02DBA100899EA2 /* Info.plist */ = {isa = PBXFileReference; lastKnownFileType = text.plist.xml; path = Info.plist; sourceTree = "<group>"; };
		710FC3232A02E0B100899EA2 /* README.md */ = {isa = PBXFileReference; lastKnownFileType = net.daringfireball.markdown; path = README.md; sourceTree = "<group>"; };
/* End PBXFileReference section */

/* Begin PBXFrameworksBuildPhase section */
		58A6D6572A0F3BDA00902695 /* Frameworks */ = {
			isa = PBXFrameworksBuildPhase;
			buildActionMask = 2147483647;
			files = (
			);
			runOnlyForDeploymentPostprocessing = 0;
		};
		710FC2F32A02DBA000899EA2 /* Frameworks */ = {
			isa = PBXFrameworksBuildPhase;
			buildActionMask = 2147483647;
			files = (
			);
			runOnlyForDeploymentPostprocessing = 0;
		};
/* End PBXFrameworksBuildPhase section */

/* Begin PBXGroup section */
		586FB3B62A0FE13D0003D2AB /* Layer */ = {
			isa = PBXGroup;
			children = (
				58A6D6632A0F3EF600902695 /* HTTPMethod.swift */,
				58A6D6652A0F3F3500902695 /* NetworkService.swift */,
				586FB3B22A0F47720003D2AB /* NetworkServiceError.swift */,
				586FB3B02A0F42BE0003D2AB /* NetworkServiceProvider.swift */,
			);
			path = Layer;
			sourceTree = "<group>";
		};
		586FB3B72A0FE1460003D2AB /* Services */ = {
			isa = PBXGroup;
			children = (
				586FB3C02A0FE26C0003D2AB /* PokemonService */,
			);
			path = Services;
			sourceTree = "<group>";
		};
		586FB3BA2A0FE1BA0003D2AB /* Models */ = {
			isa = PBXGroup;
			children = (
				586FB3BB2A0FE1C60003D2AB /* PokemonSpecie.swift */,
			);
			path = Models;
			sourceTree = "<group>";
		};
		586FB3BD2A0FE23A0003D2AB /* Models */ = {
			isa = PBXGroup;
			children = (
				586FB3BE2A0FE2430003D2AB /* PaginatedResult.swift */,
			);
			path = Models;
			sourceTree = "<group>";
		};
		586FB3C02A0FE26C0003D2AB /* PokemonService */ = {
			isa = PBXGroup;
			children = (
				586FB3B82A0FE1950003D2AB /* PokemonService.swift */,
			);
			path = PokemonService;
			sourceTree = "<group>";
		};
		58A6D6542A0F3A5800902695 /* App */ = {
			isa = PBXGroup;
			children = (
				710FC3072A02DBA100899EA2 /* Info.plist */,
				710FC3022A02DBA100899EA2 /* Assets.xcassets */,
				710FC2F92A02DBA000899EA2 /* AppDelegate.swift */,
				710FC2FB2A02DBA000899EA2 /* SceneDelegate.swift */,
				710FC3042A02DBA100899EA2 /* LaunchScreen.storyboard */,
			);
			path = App;
			sourceTree = "<group>";
		};
		58A6D6552A0F3B3A00902695 /* Modules */ = {
			isa = PBXGroup;
			children = (
				710FC31B2A02DE3C00899EA2 /* SpeciesList */,
			);
			path = Modules;
			sourceTree = "<group>";
		};
		58A6D65B2A0F3BDA00902695 /* onTopPokeTests */ = {
			isa = PBXGroup;
			children = (
				58A6D65C2A0F3BDA00902695 /* onTopPokeTests.swift */,
			);
			path = onTopPokeTests;
			sourceTree = "<group>";
		};
		710FC2ED2A02DBA000899EA2 = {
			isa = PBXGroup;
			children = (
				710FC3232A02E0B100899EA2 /* README.md */,
				710FC2F82A02DBA000899EA2 /* onTopPoke */,
				58A6D65B2A0F3BDA00902695 /* onTopPokeTests */,
				710FC2F72A02DBA000899EA2 /* Products */,
			);
			sourceTree = "<group>";
		};
		710FC2F72A02DBA000899EA2 /* Products */ = {
			isa = PBXGroup;
			children = (
				710FC2F62A02DBA000899EA2 /* onTopPoke.app */,
				58A6D65A2A0F3BDA00902695 /* onTopPokeTests.xctest */,
			);
			name = Products;
			sourceTree = "<group>";
		};
		710FC2F82A02DBA000899EA2 /* onTopPoke */ = {
			isa = PBXGroup;
			children = (
				58A6D6542A0F3A5800902695 /* App */,
				586FB3BA2A0FE1BA0003D2AB /* Models */,
				58A6D6552A0F3B3A00902695 /* Modules */,
				710FC30D2A02DD5500899EA2 /* Network */,
			);
			path = onTopPoke;
			sourceTree = "<group>";
		};
		710FC30D2A02DD5500899EA2 /* Network */ = {
			isa = PBXGroup;
			children = (
				586FB3BD2A0FE23A0003D2AB /* Models */,
				586FB3B62A0FE13D0003D2AB /* Layer */,
				586FB3B72A0FE1460003D2AB /* Services */,
			);
			path = Network;
			sourceTree = "<group>";
		};
		710FC31B2A02DE3C00899EA2 /* SpeciesList */ = {
			isa = PBXGroup;
			children = (
				586FB3B42A0FE0770003D2AB /* SpeciesListViewController.swift */,
			);
			path = SpeciesList;
			sourceTree = "<group>";
		};
/* End PBXGroup section */

/* Begin PBXNativeTarget section */
		58A6D6592A0F3BDA00902695 /* onTopPokeTests */ = {
			isa = PBXNativeTarget;
			buildConfigurationList = 58A6D6602A0F3BDA00902695 /* Build configuration list for PBXNativeTarget "onTopPokeTests" */;
			buildPhases = (
				58A6D6562A0F3BDA00902695 /* Sources */,
				58A6D6572A0F3BDA00902695 /* Frameworks */,
				58A6D6582A0F3BDA00902695 /* Resources */,
			);
			buildRules = (
			);
			dependencies = (
				58A6D65F2A0F3BDA00902695 /* PBXTargetDependency */,
			);
			name = onTopPokeTests;
			productName = onTopPokeTests;
			productReference = 58A6D65A2A0F3BDA00902695 /* onTopPokeTests.xctest */;
			productType = "com.apple.product-type.bundle.unit-test";
		};
		710FC2F52A02DBA000899EA2 /* onTopPoke */ = {
			isa = PBXNativeTarget;
			buildConfigurationList = 710FC30A2A02DBA100899EA2 /* Build configuration list for PBXNativeTarget "onTopPoke" */;
			buildPhases = (
				710FC2F22A02DBA000899EA2 /* Sources */,
				710FC2F32A02DBA000899EA2 /* Frameworks */,
				710FC2F42A02DBA000899EA2 /* Resources */,
			);
			buildRules = (
			);
			dependencies = (
			);
			name = onTopPoke;
			productName = onTopPoke;
			productReference = 710FC2F62A02DBA000899EA2 /* onTopPoke.app */;
			productType = "com.apple.product-type.application";
		};
/* End PBXNativeTarget section */

/* Begin PBXProject section */
		710FC2EE2A02DBA000899EA2 /* Project object */ = {
			isa = PBXProject;
			attributes = {
				BuildIndependentTargetsInParallel = 1;
				LastSwiftUpdateCheck = 1430;
				LastUpgradeCheck = 1430;
				TargetAttributes = {
					58A6D6592A0F3BDA00902695 = {
						CreatedOnToolsVersion = 14.3;
						TestTargetID = 710FC2F52A02DBA000899EA2;
					};
					710FC2F52A02DBA000899EA2 = {
						CreatedOnToolsVersion = 14.3;
					};
				};
			};
			buildConfigurationList = 710FC2F12A02DBA000899EA2 /* Build configuration list for PBXProject "onTopPoke" */;
			compatibilityVersion = "Xcode 14.0";
			developmentRegion = en;
			hasScannedForEncodings = 0;
			knownRegions = (
				en,
				Base,
			);
			mainGroup = 710FC2ED2A02DBA000899EA2;
			productRefGroup = 710FC2F72A02DBA000899EA2 /* Products */;
			projectDirPath = "";
			projectRoot = "";
			targets = (
				710FC2F52A02DBA000899EA2 /* onTopPoke */,
				58A6D6592A0F3BDA00902695 /* onTopPokeTests */,
			);
		};
/* End PBXProject section */

/* Begin PBXResourcesBuildPhase section */
		58A6D6582A0F3BDA00902695 /* Resources */ = {
			isa = PBXResourcesBuildPhase;
			buildActionMask = 2147483647;
			files = (
			);
			runOnlyForDeploymentPostprocessing = 0;
		};
		710FC2F42A02DBA000899EA2 /* Resources */ = {
			isa = PBXResourcesBuildPhase;
			buildActionMask = 2147483647;
			files = (
				710FC3242A02E0B100899EA2 /* README.md in Resources */,
				710FC3062A02DBA100899EA2 /* LaunchScreen.storyboard in Resources */,
				710FC3032A02DBA100899EA2 /* Assets.xcassets in Resources */,
			);
			runOnlyForDeploymentPostprocessing = 0;
		};
/* End PBXResourcesBuildPhase section */

/* Begin PBXSourcesBuildPhase section */
		58A6D6562A0F3BDA00902695 /* Sources */ = {
			isa = PBXSourcesBuildPhase;
			buildActionMask = 2147483647;
			files = (
				58A6D65D2A0F3BDA00902695 /* onTopPokeTests.swift in Sources */,
			);
			runOnlyForDeploymentPostprocessing = 0;
		};
		710FC2F22A02DBA000899EA2 /* Sources */ = {
			isa = PBXSourcesBuildPhase;
			buildActionMask = 2147483647;
			files = (
				586FB3BC2A0FE1C60003D2AB /* PokemonSpecie.swift in Sources */,
				586FB3B32A0F47720003D2AB /* NetworkServiceError.swift in Sources */,
				586FB3B92A0FE1950003D2AB /* PokemonService.swift in Sources */,
				710FC2FA2A02DBA000899EA2 /* AppDelegate.swift in Sources */,
				586FB3B12A0F42BE0003D2AB /* NetworkServiceProvider.swift in Sources */,
				586FB3B52A0FE0770003D2AB /* SpeciesListViewController.swift in Sources */,
				586FB3BF2A0FE2430003D2AB /* PaginatedResult.swift in Sources */,
				58A6D6642A0F3EF600902695 /* HTTPMethod.swift in Sources */,
				58A6D6662A0F3F3500902695 /* NetworkService.swift in Sources */,
				710FC2FC2A02DBA000899EA2 /* SceneDelegate.swift in Sources */,
			);
			runOnlyForDeploymentPostprocessing = 0;
		};
/* End PBXSourcesBuildPhase section */

/* Begin PBXTargetDependency section */
		58A6D65F2A0F3BDA00902695 /* PBXTargetDependency */ = {
			isa = PBXTargetDependency;
			target = 710FC2F52A02DBA000899EA2 /* onTopPoke */;
			targetProxy = 58A6D65E2A0F3BDA00902695 /* PBXContainerItemProxy */;
		};
/* End PBXTargetDependency section */

/* Begin PBXVariantGroup section */
		710FC3042A02DBA100899EA2 /* LaunchScreen.storyboard */ = {
			isa = PBXVariantGroup;
			children = (
				710FC3052A02DBA100899EA2 /* Base */,
			);
			name = LaunchScreen.storyboard;
			sourceTree = "<group>";
		};
/* End PBXVariantGroup section */

/* Begin XCBuildConfiguration section */
		58A6D6612A0F3BDA00902695 /* Debug */ = {
			isa = XCBuildConfiguration;
			buildSettings = {
				BUNDLE_LOADER = "$(TEST_HOST)";
				CODE_SIGN_STYLE = Automatic;
				CURRENT_PROJECT_VERSION = 1;
				GENERATE_INFOPLIST_FILE = YES;
				MARKETING_VERSION = 1.0;
				PRODUCT_BUNDLE_IDENTIFIER = com.heitormurara.onTopPokeTests;
				PRODUCT_NAME = "$(TARGET_NAME)";
				SWIFT_EMIT_LOC_STRINGS = NO;
				SWIFT_VERSION = 5.0;
				TARGETED_DEVICE_FAMILY = "1,2";
				TEST_HOST = "$(BUILT_PRODUCTS_DIR)/onTopPoke.app/$(BUNDLE_EXECUTABLE_FOLDER_PATH)/onTopPoke";
			};
			name = Debug;
		};
		58A6D6622A0F3BDA00902695 /* Release */ = {
			isa = XCBuildConfiguration;
			buildSettings = {
				BUNDLE_LOADER = "$(TEST_HOST)";
				CODE_SIGN_STYLE = Automatic;
				CURRENT_PROJECT_VERSION = 1;
				GENERATE_INFOPLIST_FILE = YES;
				MARKETING_VERSION = 1.0;
				PRODUCT_BUNDLE_IDENTIFIER = com.heitormurara.onTopPokeTests;
				PRODUCT_NAME = "$(TARGET_NAME)";
				SWIFT_EMIT_LOC_STRINGS = NO;
				SWIFT_VERSION = 5.0;
				TARGETED_DEVICE_FAMILY = "1,2";
				TEST_HOST = "$(BUILT_PRODUCTS_DIR)/onTopPoke.app/$(BUNDLE_EXECUTABLE_FOLDER_PATH)/onTopPoke";
			};
			name = Release;
		};
		710FC3082A02DBA100899EA2 /* Debug */ = {
			isa = XCBuildConfiguration;
			buildSettings = {
				ALWAYS_SEARCH_USER_PATHS = NO;
				CLANG_ANALYZER_NONNULL = YES;
				CLANG_ANALYZER_NUMBER_OBJECT_CONVERSION = YES_AGGRESSIVE;
				CLANG_CXX_LANGUAGE_STANDARD = "gnu++20";
				CLANG_ENABLE_MODULES = YES;
				CLANG_ENABLE_OBJC_ARC = YES;
				CLANG_ENABLE_OBJC_WEAK = YES;
				CLANG_WARN_BLOCK_CAPTURE_AUTORELEASING = YES;
				CLANG_WARN_BOOL_CONVERSION = YES;
				CLANG_WARN_COMMA = YES;
				CLANG_WARN_CONSTANT_CONVERSION = YES;
				CLANG_WARN_DEPRECATED_OBJC_IMPLEMENTATIONS = YES;
				CLANG_WARN_DIRECT_OBJC_ISA_USAGE = YES_ERROR;
				CLANG_WARN_DOCUMENTATION_COMMENTS = YES;
				CLANG_WARN_EMPTY_BODY = YES;
				CLANG_WARN_ENUM_CONVERSION = YES;
				CLANG_WARN_INFINITE_RECURSION = YES;
				CLANG_WARN_INT_CONVERSION = YES;
				CLANG_WARN_NON_LITERAL_NULL_CONVERSION = YES;
				CLANG_WARN_OBJC_IMPLICIT_RETAIN_SELF = YES;
				CLANG_WARN_OBJC_LITERAL_CONVERSION = YES;
				CLANG_WARN_OBJC_ROOT_CLASS = YES_ERROR;
				CLANG_WARN_QUOTED_INCLUDE_IN_FRAMEWORK_HEADER = YES;
				CLANG_WARN_RANGE_LOOP_ANALYSIS = YES;
				CLANG_WARN_STRICT_PROTOTYPES = YES;
				CLANG_WARN_SUSPICIOUS_MOVE = YES;
				CLANG_WARN_UNGUARDED_AVAILABILITY = YES_AGGRESSIVE;
				CLANG_WARN_UNREACHABLE_CODE = YES;
				CLANG_WARN__DUPLICATE_METHOD_MATCH = YES;
				COPY_PHASE_STRIP = NO;
				DEBUG_INFORMATION_FORMAT = dwarf;
				ENABLE_STRICT_OBJC_MSGSEND = YES;
				ENABLE_TESTABILITY = YES;
				GCC_C_LANGUAGE_STANDARD = gnu11;
				GCC_DYNAMIC_NO_PIC = NO;
				GCC_NO_COMMON_BLOCKS = YES;
				GCC_OPTIMIZATION_LEVEL = 0;
				GCC_PREPROCESSOR_DEFINITIONS = (
					"DEBUG=1",
					"$(inherited)",
				);
				GCC_WARN_64_TO_32_BIT_CONVERSION = YES;
				GCC_WARN_ABOUT_RETURN_TYPE = YES_ERROR;
				GCC_WARN_UNDECLARED_SELECTOR = YES;
				GCC_WARN_UNINITIALIZED_AUTOS = YES_AGGRESSIVE;
				GCC_WARN_UNUSED_FUNCTION = YES;
				GCC_WARN_UNUSED_VARIABLE = YES;
				IPHONEOS_DEPLOYMENT_TARGET = 16.4;
				MTL_ENABLE_DEBUG_INFO = INCLUDE_SOURCE;
				MTL_FAST_MATH = YES;
				ONLY_ACTIVE_ARCH = YES;
				SDKROOT = iphoneos;
				SWIFT_ACTIVE_COMPILATION_CONDITIONS = DEBUG;
				SWIFT_OPTIMIZATION_LEVEL = "-Onone";
			};
			name = Debug;
		};
		710FC3092A02DBA100899EA2 /* Release */ = {
			isa = XCBuildConfiguration;
			buildSettings = {
				ALWAYS_SEARCH_USER_PATHS = NO;
				CLANG_ANALYZER_NONNULL = YES;
				CLANG_ANALYZER_NUMBER_OBJECT_CONVERSION = YES_AGGRESSIVE;
				CLANG_CXX_LANGUAGE_STANDARD = "gnu++20";
				CLANG_ENABLE_MODULES = YES;
				CLANG_ENABLE_OBJC_ARC = YES;
				CLANG_ENABLE_OBJC_WEAK = YES;
				CLANG_WARN_BLOCK_CAPTURE_AUTORELEASING = YES;
				CLANG_WARN_BOOL_CONVERSION = YES;
				CLANG_WARN_COMMA = YES;
				CLANG_WARN_CONSTANT_CONVERSION = YES;
				CLANG_WARN_DEPRECATED_OBJC_IMPLEMENTATIONS = YES;
				CLANG_WARN_DIRECT_OBJC_ISA_USAGE = YES_ERROR;
				CLANG_WARN_DOCUMENTATION_COMMENTS = YES;
				CLANG_WARN_EMPTY_BODY = YES;
				CLANG_WARN_ENUM_CONVERSION = YES;
				CLANG_WARN_INFINITE_RECURSION = YES;
				CLANG_WARN_INT_CONVERSION = YES;
				CLANG_WARN_NON_LITERAL_NULL_CONVERSION = YES;
				CLANG_WARN_OBJC_IMPLICIT_RETAIN_SELF = YES;
				CLANG_WARN_OBJC_LITERAL_CONVERSION = YES;
				CLANG_WARN_OBJC_ROOT_CLASS = YES_ERROR;
				CLANG_WARN_QUOTED_INCLUDE_IN_FRAMEWORK_HEADER = YES;
				CLANG_WARN_RANGE_LOOP_ANALYSIS = YES;
				CLANG_WARN_STRICT_PROTOTYPES = YES;
				CLANG_WARN_SUSPICIOUS_MOVE = YES;
				CLANG_WARN_UNGUARDED_AVAILABILITY = YES_AGGRESSIVE;
				CLANG_WARN_UNREACHABLE_CODE = YES;
				CLANG_WARN__DUPLICATE_METHOD_MATCH = YES;
				COPY_PHASE_STRIP = NO;
				DEBUG_INFORMATION_FORMAT = "dwarf-with-dsym";
				ENABLE_NS_ASSERTIONS = NO;
				ENABLE_STRICT_OBJC_MSGSEND = YES;
				GCC_C_LANGUAGE_STANDARD = gnu11;
				GCC_NO_COMMON_BLOCKS = YES;
				GCC_WARN_64_TO_32_BIT_CONVERSION = YES;
				GCC_WARN_ABOUT_RETURN_TYPE = YES_ERROR;
				GCC_WARN_UNDECLARED_SELECTOR = YES;
				GCC_WARN_UNINITIALIZED_AUTOS = YES_AGGRESSIVE;
				GCC_WARN_UNUSED_FUNCTION = YES;
				GCC_WARN_UNUSED_VARIABLE = YES;
				IPHONEOS_DEPLOYMENT_TARGET = 16.4;
				MTL_ENABLE_DEBUG_INFO = NO;
				MTL_FAST_MATH = YES;
				SDKROOT = iphoneos;
				SWIFT_COMPILATION_MODE = wholemodule;
				SWIFT_OPTIMIZATION_LEVEL = "-O";
				VALIDATE_PRODUCT = YES;
			};
			name = Release;
		};
		710FC30B2A02DBA100899EA2 /* Debug */ = {
			isa = XCBuildConfiguration;
			buildSettings = {
				ASSETCATALOG_COMPILER_APPICON_NAME = AppIcon;
				ASSETCATALOG_COMPILER_GLOBAL_ACCENT_COLOR_NAME = AccentColor;
				CODE_SIGN_STYLE = Automatic;
				CURRENT_PROJECT_VERSION = 1;
				DEVELOPMENT_TEAM = 5Q3KXH668K;
				GENERATE_INFOPLIST_FILE = YES;
				INFOPLIST_FILE = onTopPoke/App/Info.plist;
				INFOPLIST_KEY_UIApplicationSupportsIndirectInputEvents = YES;
				INFOPLIST_KEY_UILaunchStoryboardName = LaunchScreen;
				INFOPLIST_KEY_UIMainStoryboardFile = "";
				INFOPLIST_KEY_UISupportedInterfaceOrientations_iPad = "UIInterfaceOrientationPortrait UIInterfaceOrientationPortraitUpsideDown UIInterfaceOrientationLandscapeLeft UIInterfaceOrientationLandscapeRight";
				INFOPLIST_KEY_UISupportedInterfaceOrientations_iPhone = "UIInterfaceOrientationPortrait UIInterfaceOrientationLandscapeLeft UIInterfaceOrientationLandscapeRight";
				LD_RUNPATH_SEARCH_PATHS = (
					"$(inherited)",
					"@executable_path/Frameworks",
				);
				MARKETING_VERSION = 1.0;
				PRODUCT_BUNDLE_IDENTIFIER = com.heitormurara.onTopPoke;
				PRODUCT_NAME = "$(TARGET_NAME)";
				SUPPORTED_PLATFORMS = "iphoneos iphonesimulator";
				SUPPORTS_MACCATALYST = NO;
				SUPPORTS_MAC_DESIGNED_FOR_IPHONE_IPAD = YES;
				SWIFT_EMIT_LOC_STRINGS = YES;
				SWIFT_VERSION = 5.0;
				TARGETED_DEVICE_FAMILY = 1;
			};
			name = Debug;
		};
		710FC30C2A02DBA100899EA2 /* Release */ = {
			isa = XCBuildConfiguration;
			buildSettings = {
				ASSETCATALOG_COMPILER_APPICON_NAME = AppIcon;
				ASSETCATALOG_COMPILER_GLOBAL_ACCENT_COLOR_NAME = AccentColor;
				CODE_SIGN_STYLE = Automatic;
				CURRENT_PROJECT_VERSION = 1;
				DEVELOPMENT_TEAM = 5Q3KXH668K;
				GENERATE_INFOPLIST_FILE = YES;
				INFOPLIST_FILE = onTopPoke/App/Info.plist;
				INFOPLIST_KEY_UIApplicationSupportsIndirectInputEvents = YES;
				INFOPLIST_KEY_UILaunchStoryboardName = LaunchScreen;
				INFOPLIST_KEY_UIMainStoryboardFile = "";
				INFOPLIST_KEY_UISupportedInterfaceOrientations_iPad = "UIInterfaceOrientationPortrait UIInterfaceOrientationPortraitUpsideDown UIInterfaceOrientationLandscapeLeft UIInterfaceOrientationLandscapeRight";
				INFOPLIST_KEY_UISupportedInterfaceOrientations_iPhone = "UIInterfaceOrientationPortrait UIInterfaceOrientationLandscapeLeft UIInterfaceOrientationLandscapeRight";
				LD_RUNPATH_SEARCH_PATHS = (
					"$(inherited)",
					"@executable_path/Frameworks",
				);
				MARKETING_VERSION = 1.0;
				PRODUCT_BUNDLE_IDENTIFIER = com.heitormurara.onTopPoke;
				PRODUCT_NAME = "$(TARGET_NAME)";
				SUPPORTED_PLATFORMS = "iphoneos iphonesimulator";
				SUPPORTS_MACCATALYST = NO;
				SUPPORTS_MAC_DESIGNED_FOR_IPHONE_IPAD = YES;
				SWIFT_EMIT_LOC_STRINGS = YES;
				SWIFT_VERSION = 5.0;
				TARGETED_DEVICE_FAMILY = 1;
			};
			name = Release;
		};
/* End XCBuildConfiguration section */

/* Begin XCConfigurationList section */
		58A6D6602A0F3BDA00902695 /* Build configuration list for PBXNativeTarget "onTopPokeTests" */ = {
			isa = XCConfigurationList;
			buildConfigurations = (
				58A6D6612A0F3BDA00902695 /* Debug */,
				58A6D6622A0F3BDA00902695 /* Release */,
			);
			defaultConfigurationIsVisible = 0;
			defaultConfigurationName = Release;
		};
		710FC2F12A02DBA000899EA2 /* Build configuration list for PBXProject "onTopPoke" */ = {
			isa = XCConfigurationList;
			buildConfigurations = (
				710FC3082A02DBA100899EA2 /* Debug */,
				710FC3092A02DBA100899EA2 /* Release */,
			);
			defaultConfigurationIsVisible = 0;
			defaultConfigurationName = Release;
		};
		710FC30A2A02DBA100899EA2 /* Build configuration list for PBXNativeTarget "onTopPoke" */ = {
			isa = XCConfigurationList;
			buildConfigurations = (
				710FC30B2A02DBA100899EA2 /* Debug */,
				710FC30C2A02DBA100899EA2 /* Release */,
			);
			defaultConfigurationIsVisible = 0;
			defaultConfigurationName = Release;
		};
/* End XCConfigurationList section */
	};
	rootObject = 710FC2EE2A02DBA000899EA2 /* Project object */;
}
